
Microsoft Visual Studio Solution File, Format Version 12.00
# Visual Studio 2012
Project("{FAE04EC0-301F-11D3-BF4B-00C04F79EFBC}") = "csv2Czml", "csv2Czml.csproj", "{404116EE-282B-4C95-A09F-4B5F4802C701}"
EndProject
Global
	GlobalSection(SolutionConfigurationPlatforms) = preSolution
		Debug|Any CPU = Debug|Any CPU
		Release|Any CPU = Release|Any CPU
	EndGlobalSection
	GlobalSection(ProjectConfigurationPlatforms) = postSolution
		{404116EE-282B-4C95-A09F-4B5F4802C701}.Debug|Any CPU.ActiveCfg = Debug|Any CPU
		{404116EE-282B-4C95-A09F-4B5F4802C701}.Debug|Any CPU.Build.0 = Debug|Any CPU
		{404116EE-282B-4C95-A09F-4B5F4802C701}.Release|Any CPU.ActiveCfg = Release|Any CPU
		{404116EE-282B-4C95-A09F-4B5F4802C701}.Release|Any CPU.Build.0 = Release|Any CPU
	EndGlobalSection
	GlobalSection(SolutionProperties) = preSolution
		HideSolutionNode = FALSE
	EndGlobalSection
EndGlobal
